{
  "name": "indie-stack-template",
  "requires": true,
  "lockfileVersion": 1,
  "dependencies": {
    "@ampproject/remapping": {
      "version": "2.1.2",
      "resolved": "https://registry.npmjs.org/@ampproject/remapping/-/remapping-2.1.2.tgz",
      "integrity": "sha512-hoyByceqwKirw7w3Z7gnIIZC3Wx3J484Y3L/cMpXFbr7d9ZQj2mODrirNzcJa+SM3UlpWXYvKV4RlRpFXlWgXg==",
      "dev": true,
      "requires": {
        "@jridgewell/trace-mapping": "^0.3.0"
      }
    },
    "@babel/code-frame": {
      "version": "7.16.7",
      "resolved": "https://registry.npmjs.org/@babel/code-frame/-/code-frame-7.16.7.tgz",
      "integrity": "sha512-iAXqUn8IIeBTNd72xsFlgaXHkMBMt6y4HJp1tIaK465CWLT/fG1aqB7ykr95gHHmlBdGbFeWWfyB4NJJ0nmeIg==",
      "dev": true,
      "requires": {
        "@babel/highlight": "^7.16.7"
      }
    },
    "@babel/compat-data": {
      "version": "7.17.7",
      "resolved": "https://registry.npmjs.org/@babel/compat-data/-/compat-data-7.17.7.tgz",
      "integrity": "sha512-p8pdE6j0a29TNGebNm7NzYZWB3xVZJBZ7XGs42uAKzQo8VQ3F0By/cQCtUEABwIqw5zo6WA4NbmxsfzADzMKnQ==",
      "dev": true
    },
    "@babel/core": {
      "version": "7.17.7",
      "resolved": "https://registry.npmjs.org/@babel/core/-/core-7.17.7.tgz",
      "integrity": "sha512-djHlEfFHnSnTAcPb7dATbiM5HxGOP98+3JLBZtjRb5I7RXrw7kFRoG2dXM8cm3H+o11A8IFH/uprmJpwFynRNQ==",
      "dev": true,
      "requires": {
        "@ampproject/remapping": "^2.1.0",
        "@babel/code-frame": "^7.16.7",
        "@babel/generator": "^7.17.7",
        "@babel/helper-compilation-targets": "^7.17.7",
        "@babel/helper-module-transforms": "^7.17.7",
        "@babel/helpers": "^7.17.7",
        "@babel/parser": "^